// !$*UTF8*$!
{
	archiveVersion = 1;
	classes = {
	};
	objectVersion = 55;
	objects = {

/* Begin PBXBuildFile section */
		652DF9CD2761E605000179B1 /* Size.swift in Sources */ = {isa = PBXBuildFile; fileRef = 652DF9CC2761E605000179B1 /* Size.swift */; };
		6570F2712758B7B400562ADF /* Songti.ttc in Resources */ = {isa = PBXBuildFile; fileRef = 6570F2702758B7B400562ADF /* Songti.ttc */; };
		6570F2732758BE4800562ADF /* DetailVC.swift in Sources */ = {isa = PBXBuildFile; fileRef = 6570F2722758BE4800562ADF /* DetailVC.swift */; };
		6570F2752759F93200562ADF /* Drink.swift in Sources */ = {isa = PBXBuildFile; fileRef = 6570F2742759F93100562ADF /* Drink.swift */; };
		6570F27B275A1D1D00562ADF /* Ice.swift in Sources */ = {isa = PBXBuildFile; fileRef = 6570F27A275A1D1D00562ADF /* Ice.swift */; };
		6570F27D275A1D2500562ADF /* Sugar.swift in Sources */ = {isa = PBXBuildFile; fileRef = 6570F27C275A1D2500562ADF /* Sugar.swift */; };
		65D13A1D2758AD4500C5187D /* AppDelegate.swift in Sources */ = {isa = PBXBuildFile; fileRef = 65D13A1C2758AD4500C5187D /* AppDelegate.swift */; };
		65D13A1F2758AD4500C5187D /* SceneDelegate.swift in Sources */ = {isa = PBXBuildFile; fileRef = 65D13A1E2758AD4500C5187D /* SceneDelegate.swift */; };
		65D13A212758AD4500C5187D /* MainVC.swift in Sources */ = {isa = PBXBuildFile; fileRef = 65D13A202758AD4500C5187D /* MainVC.swift */; };
		65D13A242758AD4500C5187D /* Main.storyboard in Resources */ = {isa = PBXBuildFile; fileRef = 65D13A222758AD4500C5187D /* Main.storyboard */; };
		65D13A262758AD4900C5187D /* Assets.xcassets in Resources */ = {isa = PBXBuildFile; fileRef = 65D13A252758AD4900C5187D /* Assets.xcassets */; };
		65D13A292758AD4900C5187D /* LaunchScreen.storyboard in Resources */ = {isa = PBXBuildFile; fileRef = 65D13A272758AD4900C5187D /* LaunchScreen.storyboard */; };
/* End PBXBuildFile section */

/* Begin PBXFileReference section */
		652DF9CC2761E605000179B1 /* Size.swift */ = {isa = PBXFileReference; lastKnownFileType = sourcecode.swift; path = Size.swift; sourceTree = "<group>"; };
		6570F2702758B7B400562ADF /* Songti.ttc */ = {isa = PBXFileReference; lastKnownFileType = file; path = Songti.ttc; sourceTree = "<group>"; };
		6570F2722758BE4800562ADF /* DetailVC.swift */ = {isa = PBXFileReference; lastKnownFileType = sourcecode.swift; path = DetailVC.swift; sourceTree = "<group>"; };
		6570F2742759F93100562ADF /* Drink.swift */ = {isa = PBXFileReference; lastKnownFileType = sourcecode.swift; path = Drink.swift; sourceTree = "<group>"; };
		6570F27A275A1D1D00562ADF /* Ice.swift */ = {isa = PBXFileReference; lastKnownFileType = sourcecode.swift; path = Ice.swift; sourceTree = "<group>"; };
		6570F27C275A1D2500562ADF /* Sugar.swift */ = {isa = PBXFileReference; lastKnownFileType = sourcecode.swift; path = Sugar.swift; sourceTree = "<group>"; };
		65D13A192758AD4500C5187D /* JohnTea.app */ = {isa = PBXFileReference; explicitFileType = wrapper.application; includeInIndex = 0; path = JohnTea.app; sourceTree = BUILT_PRODUCTS_DIR; };
		65D13A1C2758AD4500C5187D /* AppDelegate.swift */ = {isa = PBXFileReference; lastKnownFileType = sourcecode.swift; path = AppDelegate.swift; sourceTree = "<group>"; };
		65D13A1E2758AD4500C5187D /* SceneDelegate.swift */ = {isa = PBXFileReference; lastKnownFileType = sourcecode.swift; path = SceneDelegate.swift; sourceTree = "<group>"; };
		65D13A202758AD4500C5187D /* MainVC.swift */ = {isa = PBXFileReference; lastKnownFileType = sourcecode.swift; path = MainVC.swift; sourceTree = "<group>"; };
		65D13A232758AD4500C5187D /* Base */ = {isa = PBXFileReference; lastKnownFileType = file.storyboard; name = Base; path = Base.lproj/Main.storyboard; sourceTree = "<group>"; };
		65D13A252758AD4900C5187D /* Assets.xcassets */ = {isa = PBXFileReference; lastKnownFileType = folder.assetcatalog; path = Assets.xcassets; sourceTree = "<group>"; };
		65D13A282758AD4900C5187D /* Base */ = {isa = PBXFileReference; lastKnownFileType = file.storyboard; name = Base; path = Base.lproj/LaunchScreen.storyboard; sourceTree = "<group>"; };
		65D13A2A2758AD4900C5187D /* Info.plist */ = {isa = PBXFileReference; lastKnownFileType = text.plist.xml; path = Info.plist; sourceTree = "<group>"; };
/* End PBXFileReference section */

/* Begin PBXFrameworksBuildPhase section */
		65D13A162758AD4500C5187D /* Frameworks */ = {
			isa = PBXFrameworksBuildPhase;
			buildActionMask = 2147483647;
			files = (
			);
			runOnlyForDeploymentPostprocessing = 0;
		};
/* End PBXFrameworksBuildPhase section */

/* Begin PBXGroup section */
		65D13A102758AD4400C5187D = {
			isa = PBXGroup;
			children = (
				65D13A1B2758AD4500C5187D /* JohnTea */,
				65D13A1A2758AD4500C5187D /* Products */,
			);
			sourceTree = "<group>";
		};
		65D13A1A2758AD4500C5187D /* Products */ = {
			isa = PBXGroup;
			children = (
				65D13A192758AD4500C5187D /* JohnTea.app */,
			);
			name = Products;
			sourceTree = "<group>";
		};
		65D13A1B2758AD4500C5187D /* JohnTea */ = {
			isa = PBXGroup;
			children = (
				6570F2722758BE4800562ADF /* DetailVC.swift */,
				6570F2702758B7B400562ADF /* Songti.ttc */,
				65D13A1C2758AD4500C5187D /* AppDelegate.swift */,
				65D13A1E2758AD4500C5187D /* SceneDelegate.swift */,
				65D13A202758AD4500C5187D /* MainVC.swift */,
				65D13A222758AD4500C5187D /* Main.storyboard */,
				652DF9CC2761E605000179B1 /* Size.swift */,
				6570F2742759F93100562ADF /* Drink.swift */,
				6570F27A275A1D1D00562ADF /* Ice.swift */,
				6570F27C275A1D2500562ADF /* Sugar.swift */,
				65D13A252758AD4900C5187D /* Assets.xcassets */,
				65D13A272758AD4900C5187D /* LaunchScreen.storyboard */,
				65D13A2A2758AD4900C5187D /* Info.plist */,
			);
			path = JohnTea;
			sourceTree = "<group>";
		};
/* End PBXGroup section */

/* Begin PBXNativeTarget section */
		65D13A182758AD4500C5187D /* JohnTea */ = {
			isa = PBXNativeTarget;
			buildConfigurationList = 65D13A2D2758AD4900C5187D /* Build configuration list for PBXNativeTarget "JohnTea" */;
			buildPhases = (
				65D13A152758AD4500C5187D /* Sources */,
				65D13A162758AD4500C5187D /* Frameworks */,
				65D13A172758AD4500C5187D /* Resources */,
			);
			buildRules = (
			);
			dependencies = (
			);
			name = JohnTea;
			productName = JohnTea;
			productReference = 65D13A192758AD4500C5187D /* JohnTea.app */;
			productType = "com.apple.product-type.application";
		};
/* End PBXNativeTarget section */

/* Begin PBXProject section */
		65D13A112758AD4400C5187D /* Project object */ = {
			isa = PBXProject;
			attributes = {
				BuildIndependentTargetsInParallel = 1;
				LastSwiftUpdateCheck = 1310;
				LastUpgradeCheck = 1310;
				TargetAttributes = {
					65D13A182758AD4500C5187D = {
						CreatedOnToolsVersion = 13.1;
					};
				};
			};
			buildConfigurationList = 65D13A142758AD4400C5187D /* Build configuration list for PBXProject "JohnTea" */;
			compatibilityVersion = "Xcode 13.0";
			developmentRegion = en;
			hasScannedForEncodings = 0;
			knownRegions = (
				en,
				Base,
			);
			mainGroup = 65D13A102758AD4400C5187D;
			productRefGroup = 65D13A1A2758AD4500C5187D /* Products */;
			projectDirPath = "";
			projectRoot = "";
			targets = (
				65D13A182758AD4500C5187D /* JohnTea */,
			);
		};
/* End PBXProject section */

/* Begin PBXResourcesBuildPhase section */
		65D13A172758AD4500C5187D /* Resources */ = {
			isa = PBXResourcesBuildPhase;
			buildActionMask = 2147483647;
			files = (
				65D13A292758AD4900C5187D /* LaunchScreen.storyboard in Resources */,
				65D13A262758AD4900C5187D /* Assets.xcassets in Resources */,
				65D13A242758AD4500C5187D /* Main.storyboard in Resources */,
				6570F2712758B7B400562ADF /* Songti.ttc in Resources */,
			);
			runOnlyForDeploymentPostprocessing = 0;
		};
/* End PBXResourcesBuildPhase section */

/* Begin PBXSourcesBuildPhase section */
		65D13A152758AD4500C5187D /* Sources */ = {
			isa = PBXSourcesBuildPhase;
			buildActionMask = 2147483647;
			files = (
				652DF9CD2761E605000179B1 /* Size.swift in Sources */,
				6570F27D275A1D2500562ADF /* Sugar.swift in Sources */,
				65D13A212758AD4500C5187D /* MainVC.swift in Sources */,
				6570F2732758BE4800562ADF /* DetailVC.swift in Sources */,
				65D13A1D2758AD4500C5187D /* AppDelegate.swift in Sources */,
				6570F27B275A1D1D00562ADF /* Ice.swift in Sources */,
				6570F2752759F93200562ADF /* Drink.swift in Sources */,
				65D13A1F2758AD4500C5187D /* SceneDelegate.swift in Sources */,
			);
			runOnlyForDeploymentPostprocessing = 0;
		};
/* End PBXSourcesBuildPhase section */

/* Begin PBXVariantGroup section */
		65D13A222758AD4500C5187D /* Main.storyboard */ = {
			isa = PBXVariantGroup;
			children = (
				65D13A232758AD4500C5187D /* Base */,
			);
			name = Main.storyboard;
			sourceTree = "<group>";
		};
		65D13A272758AD4900C5187D /* LaunchScreen.storyboard */ = {
			isa = PBXVariantGroup;
			children = (
				65D13A282758AD4900C5187D /* Base */,
			);
			name = LaunchScreen.storyboard;
			sourceTree = "<group>";
		};
/* End PBXVariantGroup section */

/* Begin XCBuildConfiguration section */
		65D13A2B2758AD4900C5187D /* Debug */ = {
			isa = XCBuildConfiguration;
			buildSettings = {
				ALWAYS_SEARCH_USER_PATHS = NO;
				CLANG_ANALYZER_NONNULL = YES;
				CLANG_ANALYZER_NUMBER_OBJECT_CONVERSION = YES_AGGRESSIVE;
				CLANG_CXX_LANGUAGE_STANDARD = "gnu++17";
				CLANG_CXX_LIBRARY = "libc++";
				CLANG_ENABLE_MODULES = YES;
				CLANG_ENABLE_OBJC_ARC = YES;
				CLANG_ENABLE_OBJC_WEAK = YES;
				CLANG_WARN_BLOCK_CAPTURE_AUTORELEASING = YES;
				CLANG_WARN_BOOL_CONVERSION = YES;
				CLANG_WARN_COMMA = YES;
				CLANG_WARN_CONSTANT_CONVERSION = YES;
				CLANG_WARN_DEPRECATED_OBJC_IMPLEMENTATIONS = YES;
				CLANG_WARN_DIRECT_OBJC_ISA_USAGE = YES_ERROR;
				CLANG_WARN_DOCUMENTATION_COMMENTS = YES;
				CLANG_WARN_EMPTY_BODY = YES;
				CLANG_WARN_ENUM_CONVERSION = YES;
				CLANG_WARN_INFINITE_RECURSION = YES;
				CLANG_WARN_INT_CONVERSION = YES;
				CLANG_WARN_NON_LITERAL_NULL_CONVERSION = YES;
				CLANG_WARN_OBJC_IMPLICIT_RETAIN_SELF = YES;
				CLANG_WARN_OBJC_LITERAL_CONVERSION = YES;
				CLANG_WARN_OBJC_ROOT_CLASS = YES_ERROR;
				CLANG_WARN_QUOTED_INCLUDE_IN_FRAMEWORK_HEADER = YES;
				CLANG_WARN_RANGE_LOOP_ANALYSIS = YES;
				CLANG_WARN_STRICT_PROTOTYPES = YES;
				CLANG_WARN_SUSPICIOUS_MOVE = YES;
				CLANG_WARN_UNGUARDED_AVAILABILITY = YES_AGGRESSIVE;
				CLANG_WARN_UNREACHABLE_CODE = YES;
				CLANG_WARN__DUPLICATE_METHOD_MATCH = YES;
				COPY_PHASE_STRIP = NO;
				DEBUG_INFORMATION_FORMAT = dwarf;
				ENABLE_STRICT_OBJC_MSGSEND = YES;
				ENABLE_TESTABILITY = YES;
				GCC_C_LANGUAGE_STANDARD = gnu11;
				GCC_DYNAMIC_NO_PIC = NO;
				GCC_NO_COMMON_BLOCKS = YES;
				GCC_OPTIMIZATION_LEVEL = 0;
				GCC_PREPROCESSOR_DEFINITIONS = (
					"DEBUG=1",
					"$(inherited)",
				);
				GCC_WARN_64_TO_32_BIT_CONVERSION = YES;
				GCC_WARN_ABOUT_RETURN_TYPE = YES_ERROR;
				GCC_WARN_UNDECLARED_SELECTOR = YES;
				GCC_WARN_UNINITIALIZED_AUTOS = YES_AGGRESSIVE;
				GCC_WARN_UNUSED_FUNCTION = YES;
				GCC_WARN_UNUSED_VARIABLE = YES;
				IPHONEOS_DEPLOYMENT_TARGET = 15.0;
				MTL_ENABLE_DEBUG_INFO = INCLUDE_SOURCE;
				MTL_FAST_MATH = YES;
				ONLY_ACTIVE_ARCH = YES;
				SDKROOT = iphoneos;
				SWIFT_ACTIVE_COMPILATION_CONDITIONS = DEBUG;
				SWIFT_OPTIMIZATION_LEVEL = "-Onone";
			};
			name = Debug;
		};
		65D13A2C2758AD4900C5187D /* Release */ = {
			isa = XCBuildConfiguration;
			buildSettings = {
				ALWAYS_SEARCH_USER_PATHS = NO;
				CLANG_ANALYZER_NONNULL = YES;
				CLANG_ANALYZER_NUMBER_OBJECT_CONVERSION = YES_AGGRESSIVE;
				CLANG_CXX_LANGUAGE_STANDARD = "gnu++17";
				CLANG_CXX_LIBRARY = "libc++";
				CLANG_ENABLE_MODULES = YES;
				CLANG_ENABLE_OBJC_ARC = YES;
				CLANG_ENABLE_OBJC_WEAK = YES;
				CLANG_WARN_BLOCK_CAPTURE_AUTORELEASING = YES;
				CLANG_WARN_BOOL_CONVERSION = YES;
				CLANG_WARN_COMMA = YES;
				CLANG_WARN_CONSTANT_CONVERSION = YES;
				CLANG_WARN_DEPRECATED_OBJC_IMPLEMENTATIONS = YES;
				CLANG_WARN_DIRECT_OBJC_ISA_USAGE = YES_ERROR;
				CLANG_WARN_DOCUMENTATION_COMMENTS = YES;
				CLANG_WARN_EMPTY_BODY = YES;
				CLANG_WARN_ENUM_CONVERSION = YES;
				CLANG_WARN_INFINITE_RECURSION = YES;
				CLANG_WARN_INT_CONVERSION = YES;
				CLANG_WARN_NON_LITERAL_NULL_CONVERSION = YES;
				CLANG_WARN_OBJC_IMPLICIT_RETAIN_SELF = YES;
				CLANG_WARN_OBJC_LITERAL_CONVERSION = YES;
				CLANG_WARN_OBJC_ROOT_CLASS = YES_ERROR;
				CLANG_WARN_QUOTED_INCLUDE_IN_FRAMEWORK_HEADER = YES;
				CLANG_WARN_RANGE_LOOP_ANALYSIS = YES;
				CLANG_WARN_STRICT_PROTOTYPES = YES;
				CLANG_WARN_SUSPICIOUS_MOVE = YES;
				CLANG_WARN_UNGUARDED_AVAILABILITY = YES_AGGRESSIVE;
				CLANG_WARN_UNREACHABLE_CODE = YES;
				CLANG_WARN__DUPLICATE_METHOD_MATCH = YES;
				COPY_PHASE_STRIP = NO;
				DEBUG_INFORMATION_FORMAT = "dwarf-with-dsym";
				ENABLE_NS_ASSERTIONS = NO;
				ENABLE_STRICT_OBJC_MSGSEND = YES;
				GCC_C_LANGUAGE_STANDARD = gnu11;
				GCC_NO_COMMON_BLOCKS = YES;
				GCC_WARN_64_TO_32_BIT_CONVERSION = YES;
				GCC_WARN_ABOUT_RETURN_TYPE = YES_ERROR;
				GCC_WARN_UNDECLARED_SELECTOR = YES;
				GCC_WARN_UNINITIALIZED_AUTOS = YES_AGGRESSIVE;
				GCC_WARN_UNUSED_FUNCTION = YES;
				GCC_WARN_UNUSED_VARIABLE = YES;
				IPHONEOS_DEPLOYMENT_TARGET = 15.0;
				MTL_ENABLE_DEBUG_INFO = NO;
				MTL_FAST_MATH = YES;
				SDKROOT = iphoneos;
				SWIFT_COMPILATION_MODE = wholemodule;
				SWIFT_OPTIMIZATION_LEVEL = "-O";
				VALIDATE_PRODUCT = YES;
			};
			name = Release;
		};
		65D13A2E2758AD4900C5187D /* Debug */ = {
			isa = XCBuildConfiguration;
			buildSettings = {
				ASSETCATALOG_COMPILER_APPICON_NAME = AppIcon;
				ASSETCATALOG_COMPILER_GLOBAL_ACCENT_COLOR_NAME = AccentColor;
				CODE_SIGN_STYLE = Automatic;
				CURRENT_PROJECT_VERSION = 1;
				DEVELOPMENT_TEAM = M7VYBSBW34;
				GENERATE_INFOPLIST_FILE = YES;
				INFOPLIST_FILE = JohnTea/Info.plist;
				INFOPLIST_KEY_UIApplicationSupportsIndirectInputEvents = YES;
				INFOPLIST_KEY_UILaunchStoryboardName = LaunchScreen;
				INFOPLIST_KEY_UIMainStoryboardFile = Main;
				INFOPLIST_KEY_UISupportedInterfaceOrientations_iPad = "UIInterfaceOrientationPortrait UIInterfaceOrientationPortraitUpsideDown UIInterfaceOrientationLandscapeLeft UIInterfaceOrientationLandscapeRight";
				INFOPLIST_KEY_UISupportedInterfaceOrientations_iPhone = "UIInterfaceOrientationPortrait UIInterfaceOrientationLandscapeLeft UIInterfaceOrientationLandscapeRight";
				IPHONEOS_DEPLOYMENT_TARGET = 15.0;
				LD_RUNPATH_SEARCH_PATHS = (
					"$(inherited)",
					"@executable_path/Frameworks",
				);
				MARKETING_VERSION = 1.0;
				PRODUCT_BUNDLE_IDENTIFIER = com.Tommy.JohnTea;
				PRODUCT_NAME = "$(TARGET_NAME)";
				SWIFT_EMIT_LOC_STRINGS = YES;
				SWIFT_VERSION = 5.0;
				TARGETED_DEVICE_FAMILY = "1,2";
			};
			name = Debug;
		};
		65D13A2F2758AD4900C5187D /* Release */ = {
			isa = XCBuildConfiguration;
			buildSettings = {
				ASSETCATALOG_COMPILER_APPICON_NAME = AppIcon;
				ASSETCATALOG_COMPILER_GLOBAL_ACCENT_COLOR_NAME = AccentColor;
				CODE_SIGN_STYLE = Automatic;
				CURRENT_PROJECT_VERSION = 1;
				DEVELOPMENT_TEAM = M7VYBSBW34;
				GENERATE_INFOPLIST_FILE = YES;
				INFOPLIST_FILE = JohnTea/Info.plist;
				INFOPLIST_KEY_UIApplicationSupportsIndirectInputEvents = YES;
				INFOPLIST_KEY_UILaunchStoryboardName = LaunchScreen;
				INFOPLIST_KEY_UIMainStoryboardFile = Main;
				INFOPLIST_KEY_UISupportedInterfaceOrientations_iPad = "UIInterfaceOrientationPortrait UIInterfaceOrientationPortraitUpsideDown UIInterfaceOrientationLandscapeLeft UIInterfaceOrientationLandscapeRight";
				INFOPLIST_KEY_UISupportedInterfaceOrientations_iPhone = "UIInterfaceOrientationPortrait UIInterfaceOrientationLandscapeLeft UIInterfaceOrientationLandscapeRight";
				IPHONEOS_DEPLOYMENT_TARGET = 15.0;
				LD_RUNPATH_SEARCH_PATHS = (
					"$(inherited)",
					"@executable_path/Frameworks",
				);
				MARKETING_VERSION = 1.0;
				PRODUCT_BUNDLE_IDENTIFIER = com.Tommy.JohnTea;
				PRODUCT_NAME = "$(TARGET_NAME)";
				SWIFT_EMIT_LOC_STRINGS = YES;
				SWIFT_VERSION = 5.0;
				TARGETED_DEVICE_FAMILY = "1,2";
			};
			name = Release;
		};
/* End XCBuildConfiguration section */

/* Begin XCConfigurationList section */
		65D13A142758AD4400C5187D /* Build configuration list for PBXProject "JohnTea" */ = {
			isa = XCConfigurationList;
			buildConfigurations = (
				65D13A2B2758AD4900C5187D /* Debug */,
				65D13A2C2758AD4900C5187D /* Release */,
			);
			defaultConfigurationIsVisible = 0;
			defaultConfigurationName = Release;
		};
		65D13A2D2758AD4900C5187D /* Build configuration list for PBXNativeTarget "JohnTea" */ = {
			isa = XCConfigurationList;
			buildConfigurations = (
				65D13A2E2758AD4900C5187D /* Debug */,
				65D13A2F2758AD4900C5187D /* Release */,
			);
			defaultConfigurationIsVisible = 0;
			defaultConfigurationName = Release;
		};
/* End XCConfigurationList section */
	};
	rootObject = 65D13A112758AD4400C5187D /* Project object */;
}
